// !$*UTF8*$!
{
	archiveVersion = 1;
	classes = {
	};
	objectVersion = 56;
	objects = {

/* Begin PBXBuildFile section */
		380A97FA298B458100CD155F /* HomeView.swift in Sources */ = {isa = PBXBuildFile; fileRef = 380A97F9298B458100CD155F /* HomeView.swift */; };
		380A97FC298B45CC00CD155F /* ColorPaletteWidgetComponent.swift in Sources */ = {isa = PBXBuildFile; fileRef = 380A97FB298B45CC00CD155F /* ColorPaletteWidgetComponent.swift */; };
		380A9806298B785300CD155F /* SettingView.swift in Sources */ = {isa = PBXBuildFile; fileRef = 380A9805298B785300CD155F /* SettingView.swift */; };
		380A980A298C0E4800CD155F /* PaletteGenerator.swift in Sources */ = {isa = PBXBuildFile; fileRef = 380A9809298C0E4800CD155F /* PaletteGenerator.swift */; };
		380A980C298C0E9B00CD155F /* ColorExtractView.swift in Sources */ = {isa = PBXBuildFile; fileRef = 380A980B298C0E9B00CD155F /* ColorExtractView.swift */; };
		3819586B29940E99007D9019 /* LibraryView.swift in Sources */ = {isa = PBXBuildFile; fileRef = 3819586A29940E99007D9019 /* LibraryView.swift */; };
		3819586E29946889007D9019 /* ExtractColorPalette.swift in Sources */ = {isa = PBXBuildFile; fileRef = 3819586D29946888007D9019 /* ExtractColorPalette.swift */; };
		3819587129947477007D9019 /* PaletteComponent.swift in Sources */ = {isa = PBXBuildFile; fileRef = 3819587029947477007D9019 /* PaletteComponent.swift */; };
		3870FBEB2991B8AB005146A5 /* ColorKit in Frameworks */ = {isa = PBXBuildFile; productRef = 3870FBEA2991B8AB005146A5 /* ColorKit */; };
		38C6E211298B3A5F00F0ABEC /* idm_363_zl484App.swift in Sources */ = {isa = PBXBuildFile; fileRef = 38C6E210298B3A5F00F0ABEC /* idm_363_zl484App.swift */; };
		38C6E213298B3A5F00F0ABEC /* ContentView.swift in Sources */ = {isa = PBXBuildFile; fileRef = 38C6E212298B3A5F00F0ABEC /* ContentView.swift */; };
		38C6E215298B3A6000F0ABEC /* Assets.xcassets in Resources */ = {isa = PBXBuildFile; fileRef = 38C6E214298B3A6000F0ABEC /* Assets.xcassets */; };
		38C6E218298B3A6000F0ABEC /* Preview Assets.xcassets in Resources */ = {isa = PBXBuildFile; fileRef = 38C6E217298B3A6000F0ABEC /* Preview Assets.xcassets */; };
/* End PBXBuildFile section */

/* Begin PBXFileReference section */
		380A97F9298B458100CD155F /* HomeView.swift */ = {isa = PBXFileReference; lastKnownFileType = sourcecode.swift; path = HomeView.swift; sourceTree = "<group>"; };
		380A97FB298B45CC00CD155F /* ColorPaletteWidgetComponent.swift */ = {isa = PBXFileReference; lastKnownFileType = sourcecode.swift; path = ColorPaletteWidgetComponent.swift; sourceTree = "<group>"; };
		380A9805298B785300CD155F /* SettingView.swift */ = {isa = PBXFileReference; lastKnownFileType = sourcecode.swift; path = SettingView.swift; sourceTree = "<group>"; };
		380A9809298C0E4800CD155F /* PaletteGenerator.swift */ = {isa = PBXFileReference; lastKnownFileType = sourcecode.swift; path = PaletteGenerator.swift; sourceTree = "<group>"; };
		380A980B298C0E9B00CD155F /* ColorExtractView.swift */ = {isa = PBXFileReference; lastKnownFileType = sourcecode.swift; path = ColorExtractView.swift; sourceTree = "<group>"; };
		3819586A29940E99007D9019 /* LibraryView.swift */ = {isa = PBXFileReference; lastKnownFileType = sourcecode.swift; path = LibraryView.swift; sourceTree = "<group>"; };
		3819586D29946888007D9019 /* ExtractColorPalette.swift */ = {isa = PBXFileReference; lastKnownFileType = sourcecode.swift; path = ExtractColorPalette.swift; sourceTree = "<group>"; };
		3819587029947477007D9019 /* PaletteComponent.swift */ = {isa = PBXFileReference; lastKnownFileType = sourcecode.swift; path = PaletteComponent.swift; sourceTree = "<group>"; };
		38C6E20D298B3A5F00F0ABEC /* idm-363-zl484.app */ = {isa = PBXFileReference; explicitFileType = wrapper.application; includeInIndex = 0; path = "idm-363-zl484.app"; sourceTree = BUILT_PRODUCTS_DIR; };
		38C6E210298B3A5F00F0ABEC /* idm_363_zl484App.swift */ = {isa = PBXFileReference; lastKnownFileType = sourcecode.swift; path = idm_363_zl484App.swift; sourceTree = "<group>"; };
		38C6E212298B3A5F00F0ABEC /* ContentView.swift */ = {isa = PBXFileReference; lastKnownFileType = sourcecode.swift; path = ContentView.swift; sourceTree = "<group>"; };
		38C6E214298B3A6000F0ABEC /* Assets.xcassets */ = {isa = PBXFileReference; lastKnownFileType = folder.assetcatalog; path = Assets.xcassets; sourceTree = "<group>"; };
		38C6E217298B3A6000F0ABEC /* Preview Assets.xcassets */ = {isa = PBXFileReference; lastKnownFileType = folder.assetcatalog; path = "Preview Assets.xcassets"; sourceTree = "<group>"; };
/* End PBXFileReference section */

/* Begin PBXFrameworksBuildPhase section */
		38C6E20A298B3A5F00F0ABEC /* Frameworks */ = {
			isa = PBXFrameworksBuildPhase;
			buildActionMask = 2147483647;
			files = (
				3870FBEB2991B8AB005146A5 /* ColorKit in Frameworks */,
			);
			runOnlyForDeploymentPostprocessing = 0;
		};
/* End PBXFrameworksBuildPhase section */

/* Begin PBXGroup section */
		380A9808298C073C00CD155F /* Views */ = {
			isa = PBXGroup;
			children = (
				380A97F9298B458100CD155F /* HomeView.swift */,
				380A9805298B785300CD155F /* SettingView.swift */,
				3819586A29940E99007D9019 /* LibraryView.swift */,
				380A980B298C0E9B00CD155F /* ColorExtractView.swift */,
			);
			path = Views;
			sourceTree = "<group>";
		};
		3819586C2994686C007D9019 /* Functions */ = {
			isa = PBXGroup;
			children = (
				3819586D29946888007D9019 /* ExtractColorPalette.swift */,
			);
			name = Functions;
			path = Views;
			sourceTree = "<group>";
		};
		3819586F299473DB007D9019 /* Components */ = {
			isa = PBXGroup;
			children = (
				380A97FB298B45CC00CD155F /* ColorPaletteWidgetComponent.swift */,
				3819587029947477007D9019 /* PaletteComponent.swift */,
			);
			name = Components;
			path = Views;
			sourceTree = "<group>";
		};
		38C6E204298B3A5F00F0ABEC = {
			isa = PBXGroup;
			children = (
				38C6E20F298B3A5F00F0ABEC /* idm-363-zl484 */,
				38C6E20E298B3A5F00F0ABEC /* Products */,
			);
			sourceTree = "<group>";
		};
		38C6E20E298B3A5F00F0ABEC /* Products */ = {
			isa = PBXGroup;
			children = (
				38C6E20D298B3A5F00F0ABEC /* idm-363-zl484.app */,
			);
			name = Products;
			sourceTree = "<group>";
		};
		38C6E20F298B3A5F00F0ABEC /* idm-363-zl484 */ = {
			isa = PBXGroup;
			children = (
				38C6E210298B3A5F00F0ABEC /* idm_363_zl484App.swift */,
				38C6E212298B3A5F00F0ABEC /* ContentView.swift */,
				380A9809298C0E4800CD155F /* PaletteGenerator.swift */,
				3819586F299473DB007D9019 /* Components */,
				3819586C2994686C007D9019 /* Functions */,
				380A9808298C073C00CD155F /* Views */,
				38C6E214298B3A6000F0ABEC /* Assets.xcassets */,
				38C6E216298B3A6000F0ABEC /* Preview Content */,
			);
			path = "idm-363-zl484";
			sourceTree = "<group>";
		};
		38C6E216298B3A6000F0ABEC /* Preview Content */ = {
			isa = PBXGroup;
			children = (
				38C6E217298B3A6000F0ABEC /* Preview Assets.xcassets */,
			);
			path = "Preview Content";
			sourceTree = "<group>";
		};
/* End PBXGroup section */

/* Begin PBXNativeTarget section */
		38C6E20C298B3A5F00F0ABEC /* idm-363-zl484 */ = {
			isa = PBXNativeTarget;
			buildConfigurationList = 38C6E21B298B3A6000F0ABEC /* Build configuration list for PBXNativeTarget "idm-363-zl484" */;
			buildPhases = (
				38C6E209298B3A5F00F0ABEC /* Sources */,
				38C6E20A298B3A5F00F0ABEC /* Frameworks */,
				38C6E20B298B3A5F00F0ABEC /* Resources */,
			);
			buildRules = (
			);
			dependencies = (
			);
			name = "idm-363-zl484";
			packageProductDependencies = (
				3870FBEA2991B8AB005146A5 /* ColorKit */,
			);
			productName = "idm-363-zl484";
			productReference = 38C6E20D298B3A5F00F0ABEC /* idm-363-zl484.app */;
			productType = "com.apple.product-type.application";
		};
/* End PBXNativeTarget section */

/* Begin PBXProject section */
		38C6E205298B3A5F00F0ABEC /* Project object */ = {
			isa = PBXProject;
			attributes = {
				BuildIndependentTargetsInParallel = 1;
				LastSwiftUpdateCheck = 1420;
				LastUpgradeCheck = 1420;
				TargetAttributes = {
					38C6E20C298B3A5F00F0ABEC = {
						CreatedOnToolsVersion = 14.2;
					};
				};
			};
			buildConfigurationList = 38C6E208298B3A5F00F0ABEC /* Build configuration list for PBXProject "idm-363-zl484" */;
			compatibilityVersion = "Xcode 14.0";
			developmentRegion = en;
			hasScannedForEncodings = 0;
			knownRegions = (
				en,
				Base,
			);
			mainGroup = 38C6E204298B3A5F00F0ABEC;
			packageReferences = (
				3870FBE92991B8AB005146A5 /* XCRemoteSwiftPackageReference "ColorKit" */,
			);
			productRefGroup = 38C6E20E298B3A5F00F0ABEC /* Products */;
			projectDirPath = "";
			projectRoot = "";
			targets = (
				38C6E20C298B3A5F00F0ABEC /* idm-363-zl484 */,
			);
		};
/* End PBXProject section */

/* Begin PBXResourcesBuildPhase section */
		38C6E20B298B3A5F00F0ABEC /* Resources */ = {
			isa = PBXResourcesBuildPhase;
			buildActionMask = 2147483647;
			files = (
				38C6E218298B3A6000F0ABEC /* Preview Assets.xcassets in Resources */,
				38C6E215298B3A6000F0ABEC /* Assets.xcassets in Resources */,
			);
			runOnlyForDeploymentPostprocessing = 0;
		};
/* End PBXResourcesBuildPhase section */

/* Begin PBXSourcesBuildPhase section */
		38C6E209298B3A5F00F0ABEC /* Sources */ = {
			isa = PBXSourcesBuildPhase;
			buildActionMask = 2147483647;
			files = (
				380A97FA298B458100CD155F /* HomeView.swift in Sources */,
				380A9806298B785300CD155F /* SettingView.swift in Sources */,
				3819586E29946889007D9019 /* ExtractColorPalette.swift in Sources */,
				38C6E213298B3A5F00F0ABEC /* ContentView.swift in Sources */,
				380A980A298C0E4800CD155F /* PaletteGenerator.swift in Sources */,
				3819587129947477007D9019 /* PaletteComponent.swift in Sources */,
				3819586B29940E99007D9019 /* LibraryView.swift in Sources */,
				380A97FC298B45CC00CD155F /* ColorPaletteWidgetComponent.swift in Sources */,
				38C6E211298B3A5F00F0ABEC /* idm_363_zl484App.swift in Sources */,
				380A980C298C0E9B00CD155F /* ColorExtractView.swift in Sources */,
			);
			runOnlyForDeploymentPostprocessing = 0;
		};
/* End PBXSourcesBuildPhase section */

/* Begin XCBuildConfiguration section */
		38C6E219298B3A6000F0ABEC /* Debug */ = {
			isa = XCBuildConfiguration;
			buildSettings = {
				ALWAYS_SEARCH_USER_PATHS = NO;
				CLANG_ANALYZER_NONNULL = YES;
				CLANG_ANALYZER_NUMBER_OBJECT_CONVERSION = YES_AGGRESSIVE;
				CLANG_CXX_LANGUAGE_STANDARD = "gnu++20";
				CLANG_ENABLE_MODULES = YES;
				CLANG_ENABLE_OBJC_ARC = YES;
				CLANG_ENABLE_OBJC_WEAK = YES;
				CLANG_WARN_BLOCK_CAPTURE_AUTORELEASING = YES;
				CLANG_WARN_BOOL_CONVERSION = YES;
				CLANG_WARN_COMMA = YES;
				CLANG_WARN_CONSTANT_CONVERSION = YES;
				CLANG_WARN_DEPRECATED_OBJC_IMPLEMENTATIONS = YES;
				CLANG_WARN_DIRECT_OBJC_ISA_USAGE = YES_ERROR;
				CLANG_WARN_DOCUMENTATION_COMMENTS = YES;
				CLANG_WARN_EMPTY_BODY = YES;
				CLANG_WARN_ENUM_CONVERSION = YES;
				CLANG_WARN_INFINITE_RECURSION = YES;
				CLANG_WARN_INT_CONVERSION = YES;
				CLANG_WARN_NON_LITERAL_NULL_CONVERSION = YES;
				CLANG_WARN_OBJC_IMPLICIT_RETAIN_SELF = YES;
				CLANG_WARN_OBJC_LITERAL_CONVERSION = YES;
				CLANG_WARN_OBJC_ROOT_CLASS = YES_ERROR;
				CLANG_WARN_QUOTED_INCLUDE_IN_FRAMEWORK_HEADER = YES;
				CLANG_WARN_RANGE_LOOP_ANALYSIS = YES;
				CLANG_WARN_STRICT_PROTOTYPES = YES;
				CLANG_WARN_SUSPICIOUS_MOVE = YES;
				CLANG_WARN_UNGUARDED_AVAILABILITY = YES_AGGRESSIVE;
				CLANG_WARN_UNREACHABLE_CODE = YES;
				CLANG_WARN__DUPLICATE_METHOD_MATCH = YES;
				COPY_PHASE_STRIP = NO;
				DEBUG_INFORMATION_FORMAT = dwarf;
				ENABLE_STRICT_OBJC_MSGSEND = YES;
				ENABLE_TESTABILITY = YES;
				GCC_C_LANGUAGE_STANDARD = gnu11;
				GCC_DYNAMIC_NO_PIC = NO;
				GCC_NO_COMMON_BLOCKS = YES;
				GCC_OPTIMIZATION_LEVEL = 0;
				GCC_PREPROCESSOR_DEFINITIONS = (
					"DEBUG=1",
					"$(inherited)",
				);
				GCC_WARN_64_TO_32_BIT_CONVERSION = YES;
				GCC_WARN_ABOUT_RETURN_TYPE = YES_ERROR;
				GCC_WARN_UNDECLARED_SELECTOR = YES;
				GCC_WARN_UNINITIALIZED_AUTOS = YES_AGGRESSIVE;
				GCC_WARN_UNUSED_FUNCTION = YES;
				GCC_WARN_UNUSED_VARIABLE = YES;
				IPHONEOS_DEPLOYMENT_TARGET = 16.2;
				MTL_ENABLE_DEBUG_INFO = INCLUDE_SOURCE;
				MTL_FAST_MATH = YES;
				ONLY_ACTIVE_ARCH = YES;
				SDKROOT = iphoneos;
				SWIFT_ACTIVE_COMPILATION_CONDITIONS = DEBUG;
				SWIFT_OPTIMIZATION_LEVEL = "-Onone";
			};
			name = Debug;
		};
		38C6E21A298B3A6000F0ABEC /* Release */ = {
			isa = XCBuildConfiguration;
			buildSettings = {
				ALWAYS_SEARCH_USER_PATHS = NO;
				CLANG_ANALYZER_NONNULL = YES;
				CLANG_ANALYZER_NUMBER_OBJECT_CONVERSION = YES_AGGRESSIVE;
				CLANG_CXX_LANGUAGE_STANDARD = "gnu++20";
				CLANG_ENABLE_MODULES = YES;
				CLANG_ENABLE_OBJC_ARC = YES;
				CLANG_ENABLE_OBJC_WEAK = YES;
				CLANG_WARN_BLOCK_CAPTURE_AUTORELEASING = YES;
				CLANG_WARN_BOOL_CONVERSION = YES;
				CLANG_WARN_COMMA = YES;
				CLANG_WARN_CONSTANT_CONVERSION = YES;
				CLANG_WARN_DEPRECATED_OBJC_IMPLEMENTATIONS = YES;
				CLANG_WARN_DIRECT_OBJC_ISA_USAGE = YES_ERROR;
				CLANG_WARN_DOCUMENTATION_COMMENTS = YES;
				CLANG_WARN_EMPTY_BODY = YES;
				CLANG_WARN_ENUM_CONVERSION = YES;
				CLANG_WARN_INFINITE_RECURSION = YES;
				CLANG_WARN_INT_CONVERSION = YES;
				CLANG_WARN_NON_LITERAL_NULL_CONVERSION = YES;
				CLANG_WARN_OBJC_IMPLICIT_RETAIN_SELF = YES;
				CLANG_WARN_OBJC_LITERAL_CONVERSION = YES;
				CLANG_WARN_OBJC_ROOT_CLASS = YES_ERROR;
				CLANG_WARN_QUOTED_INCLUDE_IN_FRAMEWORK_HEADER = YES;
				CLANG_WARN_RANGE_LOOP_ANALYSIS = YES;
				CLANG_WARN_STRICT_PROTOTYPES = YES;
				CLANG_WARN_SUSPICIOUS_MOVE = YES;
				CLANG_WARN_UNGUARDED_AVAILABILITY = YES_AGGRESSIVE;
				CLANG_WARN_UNREACHABLE_CODE = YES;
				CLANG_WARN__DUPLICATE_METHOD_MATCH = YES;
				COPY_PHASE_STRIP = NO;
				DEBUG_INFORMATION_FORMAT = "dwarf-with-dsym";
				ENABLE_NS_ASSERTIONS = NO;
				ENABLE_STRICT_OBJC_MSGSEND = YES;
				GCC_C_LANGUAGE_STANDARD = gnu11;
				GCC_NO_COMMON_BLOCKS = YES;
				GCC_WARN_64_TO_32_BIT_CONVERSION = YES;
				GCC_WARN_ABOUT_RETURN_TYPE = YES_ERROR;
				GCC_WARN_UNDECLARED_SELECTOR = YES;
				GCC_WARN_UNINITIALIZED_AUTOS = YES_AGGRESSIVE;
				GCC_WARN_UNUSED_FUNCTION = YES;
				GCC_WARN_UNUSED_VARIABLE = YES;
				IPHONEOS_DEPLOYMENT_TARGET = 16.2;
				MTL_ENABLE_DEBUG_INFO = NO;
				MTL_FAST_MATH = YES;
				SDKROOT = iphoneos;
				SWIFT_COMPILATION_MODE = wholemodule;
				SWIFT_OPTIMIZATION_LEVEL = "-O";
				VALIDATE_PRODUCT = YES;
			};
			name = Release;
		};
		38C6E21C298B3A6000F0ABEC /* Debug */ = {
			isa = XCBuildConfiguration;
			buildSettings = {
				ASSETCATALOG_COMPILER_APPICON_NAME = AppIcon;
				ASSETCATALOG_COMPILER_GLOBAL_ACCENT_COLOR_NAME = AccentColor;
				CODE_SIGN_STYLE = Automatic;
				CURRENT_PROJECT_VERSION = 1;
				DEVELOPMENT_ASSET_PATHS = "\"idm-363-zl484/Preview Content\"";
				ENABLE_PREVIEWS = YES;
				GENERATE_INFOPLIST_FILE = YES;
				INFOPLIST_KEY_UIApplicationSceneManifest_Generation = YES;
				INFOPLIST_KEY_UIApplicationSupportsIndirectInputEvents = YES;
				INFOPLIST_KEY_UILaunchScreen_Generation = YES;
				INFOPLIST_KEY_UISupportedInterfaceOrientations_iPad = "UIInterfaceOrientationPortrait UIInterfaceOrientationPortraitUpsideDown UIInterfaceOrientationLandscapeLeft UIInterfaceOrientationLandscapeRight";
				INFOPLIST_KEY_UISupportedInterfaceOrientations_iPhone = "UIInterfaceOrientationPortrait UIInterfaceOrientationLandscapeLeft UIInterfaceOrientationLandscapeRight";
				LD_RUNPATH_SEARCH_PATHS = (
					"$(inherited)",
					"@executable_path/Frameworks",
				);
				MARKETING_VERSION = 1.0;
				PRODUCT_BUNDLE_IDENTIFIER = "com.sylar-li.idm-363-zl484";
				PRODUCT_NAME = "$(TARGET_NAME)";
				SWIFT_EMIT_LOC_STRINGS = YES;
				SWIFT_VERSION = 5.0;
				TARGETED_DEVICE_FAMILY = "1,2";
			};
			name = Debug;
		};
		38C6E21D298B3A6000F0ABEC /* Release */ = {
			isa = XCBuildConfiguration;
			buildSettings = {
				ASSETCATALOG_COMPILER_APPICON_NAME = AppIcon;
				ASSETCATALOG_COMPILER_GLOBAL_ACCENT_COLOR_NAME = AccentColor;
				CODE_SIGN_STYLE = Automatic;
				CURRENT_PROJECT_VERSION = 1;
				DEVELOPMENT_ASSET_PATHS = "\"idm-363-zl484/Preview Content\"";
				ENABLE_PREVIEWS = YES;
				GENERATE_INFOPLIST_FILE = YES;
				INFOPLIST_KEY_UIApplicationSceneManifest_Generation = YES;
				INFOPLIST_KEY_UIApplicationSupportsIndirectInputEvents = YES;
				INFOPLIST_KEY_UILaunchScreen_Generation = YES;
				INFOPLIST_KEY_UISupportedInterfaceOrientations_iPad = "UIInterfaceOrientationPortrait UIInterfaceOrientationPortraitUpsideDown UIInterfaceOrientationLandscapeLeft UIInterfaceOrientationLandscapeRight";
				INFOPLIST_KEY_UISupportedInterfaceOrientations_iPhone = "UIInterfaceOrientationPortrait UIInterfaceOrientationLandscapeLeft UIInterfaceOrientationLandscapeRight";
				LD_RUNPATH_SEARCH_PATHS = (
					"$(inherited)",
					"@executable_path/Frameworks",
				);
				MARKETING_VERSION = 1.0;
				PRODUCT_BUNDLE_IDENTIFIER = "com.sylar-li.idm-363-zl484";
				PRODUCT_NAME = "$(TARGET_NAME)";
				SWIFT_EMIT_LOC_STRINGS = YES;
				SWIFT_VERSION = 5.0;
				TARGETED_DEVICE_FAMILY = "1,2";
			};
			name = Release;
		};
/* End XCBuildConfiguration section */

/* Begin XCConfigurationList section */
		38C6E208298B3A5F00F0ABEC /* Build configuration list for PBXProject "idm-363-zl484" */ = {
			isa = XCConfigurationList;
			buildConfigurations = (
				38C6E219298B3A6000F0ABEC /* Debug */,
				38C6E21A298B3A6000F0ABEC /* Release */,
			);
			defaultConfigurationIsVisible = 0;
			defaultConfigurationName = Release;
		};
		38C6E21B298B3A6000F0ABEC /* Build configuration list for PBXNativeTarget "idm-363-zl484" */ = {
			isa = XCConfigurationList;
			buildConfigurations = (
				38C6E21C298B3A6000F0ABEC /* Debug */,
				38C6E21D298B3A6000F0ABEC /* Release */,
			);
			defaultConfigurationIsVisible = 0;
			defaultConfigurationName = Release;
		};
/* End XCConfigurationList section */

/* Begin XCRemoteSwiftPackageReference section */
		3870FBE92991B8AB005146A5 /* XCRemoteSwiftPackageReference "ColorKit" */ = {
			isa = XCRemoteSwiftPackageReference;
			repositoryURL = "https://github.com/Boris-Em/ColorKit.git";
			requirement = {
				branch = master;
				kind = branch;
			};
		};
/* End XCRemoteSwiftPackageReference section */

/* Begin XCSwiftPackageProductDependency section */
		3870FBEA2991B8AB005146A5 /* ColorKit */ = {
			isa = XCSwiftPackageProductDependency;
			package = 3870FBE92991B8AB005146A5 /* XCRemoteSwiftPackageReference "ColorKit" */;
			productName = ColorKit;
		};
/* End XCSwiftPackageProductDependency section */
	};
	rootObject = 38C6E205298B3A5F00F0ABEC /* Project object */;
}
